// !$*UTF8*$!
{
	archiveVersion = 1;
	classes = {
	};
	objectVersion = 55;
	objects = {

/* Begin PBXBuildFile section */
		FA0404902790272300AB6A4E /* AppDelegate.swift in Sources */ = {isa = PBXBuildFile; fileRef = FA04048F2790272300AB6A4E /* AppDelegate.swift */; };
		FA0404922790272300AB6A4E /* SceneDelegate.swift in Sources */ = {isa = PBXBuildFile; fileRef = FA0404912790272300AB6A4E /* SceneDelegate.swift */; };
		FA0404942790272300AB6A4E /* MainViewController.swift in Sources */ = {isa = PBXBuildFile; fileRef = FA0404932790272300AB6A4E /* MainViewController.swift */; };
		FA0404972790272300AB6A4E /* Main.storyboard in Resources */ = {isa = PBXBuildFile; fileRef = FA0404952790272300AB6A4E /* Main.storyboard */; };
		FA0404992790272A00AB6A4E /* Assets.xcassets in Resources */ = {isa = PBXBuildFile; fileRef = FA0404982790272A00AB6A4E /* Assets.xcassets */; };
		FA04049C2790272A00AB6A4E /* LaunchScreen.storyboard in Resources */ = {isa = PBXBuildFile; fileRef = FA04049A2790272A00AB6A4E /* LaunchScreen.storyboard */; };
		FA0404A72790272A00AB6A4E /* MVPTestTests.swift in Sources */ = {isa = PBXBuildFile; fileRef = FA0404A62790272A00AB6A4E /* MVPTestTests.swift */; };
		FA0404C02790275700AB6A4E /* Comment.swift in Sources */ = {isa = PBXBuildFile; fileRef = FA0404BF2790275700AB6A4E /* Comment.swift */; };
		FA0404C2279027C800AB6A4E /* MainPresenter.swift in Sources */ = {isa = PBXBuildFile; fileRef = FA0404C1279027C800AB6A4E /* MainPresenter.swift */; };
		FA0404C82790308E00AB6A4E /* MainViewController.xib in Resources */ = {isa = PBXBuildFile; fileRef = FA0404C72790308E00AB6A4E /* MainViewController.xib */; };
		FA0404CA2790322E00AB6A4E /* AssemblyModuleBuilder.swift in Sources */ = {isa = PBXBuildFile; fileRef = FA0404C92790322E00AB6A4E /* AssemblyModuleBuilder.swift */; };
		FA0404CE2790694A00AB6A4E /* MainPresenterTests.swift in Sources */ = {isa = PBXBuildFile; fileRef = FA0404CD2790694A00AB6A4E /* MainPresenterTests.swift */; };
		FA0404D02790733D00AB6A4E /* NetworkService.swift in Sources */ = {isa = PBXBuildFile; fileRef = FA0404CF2790733D00AB6A4E /* NetworkService.swift */; };
		FA0404D327907CBE00AB6A4E /* DetailPresenter.swift in Sources */ = {isa = PBXBuildFile; fileRef = FA0404D227907CBD00AB6A4E /* DetailPresenter.swift */; };
		FA0404D927907FF300AB6A4E /* DetailViewController.swift in Sources */ = {isa = PBXBuildFile; fileRef = FA0404D727907FF300AB6A4E /* DetailViewController.swift */; };
		FA0404DA27907FF300AB6A4E /* DetailViewController.xib in Resources */ = {isa = PBXBuildFile; fileRef = FA0404D827907FF300AB6A4E /* DetailViewController.xib */; };
		FA437F3B279451490018B693 /* Router.swift in Sources */ = {isa = PBXBuildFile; fileRef = FA437F3A279451490018B693 /* Router.swift */; };
		FA437F3D2797481B0018B693 /* RouterTest.swift in Sources */ = {isa = PBXBuildFile; fileRef = FA437F3C2797481B0018B693 /* RouterTest.swift */; };
		FA437F422798777E0018B693 /* AuthPresenter.swift in Sources */ = {isa = PBXBuildFile; fileRef = FA437F412798777E0018B693 /* AuthPresenter.swift */; };
		FA437F452798779F0018B693 /* AuthViewController.swift in Sources */ = {isa = PBXBuildFile; fileRef = FA437F432798779F0018B693 /* AuthViewController.swift */; };
		FA437F462798779F0018B693 /* AuthViewController.xib in Resources */ = {isa = PBXBuildFile; fileRef = FA437F442798779F0018B693 /* AuthViewController.xib */; };
		FA437F4E27987A040018B693 /* SignUpViewController.swift in Sources */ = {isa = PBXBuildFile; fileRef = FA437F4C27987A040018B693 /* SignUpViewController.swift */; };
		FA437F4F27987A040018B693 /* SignUpViewController.xib in Resources */ = {isa = PBXBuildFile; fileRef = FA437F4D27987A040018B693 /* SignUpViewController.xib */; };
		FA437F5127987A1C0018B693 /* SignUpPresenter.swift in Sources */ = {isa = PBXBuildFile; fileRef = FA437F5027987A1C0018B693 /* SignUpPresenter.swift */; };
		FA437F5527987A4C0018B693 /* UserInfoViewController.swift in Sources */ = {isa = PBXBuildFile; fileRef = FA437F5327987A4C0018B693 /* UserInfoViewController.swift */; };
		FA437F5627987A4C0018B693 /* UserInfoViewController.xib in Resources */ = {isa = PBXBuildFile; fileRef = FA437F5427987A4C0018B693 /* UserInfoViewController.xib */; };
		FA437F5927987A6A0018B693 /* UserInfoPresenter.swift in Sources */ = {isa = PBXBuildFile; fileRef = FA437F5827987A6A0018B693 /* UserInfoPresenter.swift */; };
		FA437F5C27987BAB0018B693 /* User.swift in Sources */ = {isa = PBXBuildFile; fileRef = FA437F5B27987BAB0018B693 /* User.swift */; };
		FA437F6027988C850018B693 /* UIStackView+Extension.swift in Sources */ = {isa = PBXBuildFile; fileRef = FA437F5F27988C850018B693 /* UIStackView+Extension.swift */; };
		FA437F622799D5950018B693 /* String+Extension.swift in Sources */ = {isa = PBXBuildFile; fileRef = FA437F612799D5940018B693 /* String+Extension.swift */; };
/* End PBXBuildFile section */

/* Begin PBXContainerItemProxy section */
		FA0404A32790272A00AB6A4E /* PBXContainerItemProxy */ = {
			isa = PBXContainerItemProxy;
			containerPortal = FA0404842790272300AB6A4E /* Project object */;
			proxyType = 1;
			remoteGlobalIDString = FA04048B2790272300AB6A4E;
			remoteInfo = MVPTest;
		};
		FA0404AD2790272A00AB6A4E /* PBXContainerItemProxy */ = {
			isa = PBXContainerItemProxy;
			containerPortal = FA0404842790272300AB6A4E /* Project object */;
			proxyType = 1;
			remoteGlobalIDString = FA04048B2790272300AB6A4E;
			remoteInfo = MVPTest;
		};
/* End PBXContainerItemProxy section */

/* Begin PBXFileReference section */
		FA04048C2790272300AB6A4E /* MVPTest.app */ = {isa = PBXFileReference; explicitFileType = wrapper.application; includeInIndex = 0; path = MVPTest.app; sourceTree = BUILT_PRODUCTS_DIR; };
		FA04048F2790272300AB6A4E /* AppDelegate.swift */ = {isa = PBXFileReference; lastKnownFileType = sourcecode.swift; path = AppDelegate.swift; sourceTree = "<group>"; };
		FA0404912790272300AB6A4E /* SceneDelegate.swift */ = {isa = PBXFileReference; lastKnownFileType = sourcecode.swift; path = SceneDelegate.swift; sourceTree = "<group>"; };
		FA0404932790272300AB6A4E /* MainViewController.swift */ = {isa = PBXFileReference; lastKnownFileType = sourcecode.swift; path = MainViewController.swift; sourceTree = "<group>"; };
		FA0404962790272300AB6A4E /* Base */ = {isa = PBXFileReference; lastKnownFileType = file.storyboard; name = Base; path = Base.lproj/Main.storyboard; sourceTree = "<group>"; };
		FA0404982790272A00AB6A4E /* Assets.xcassets */ = {isa = PBXFileReference; lastKnownFileType = folder.assetcatalog; path = Assets.xcassets; sourceTree = "<group>"; };
		FA04049B2790272A00AB6A4E /* Base */ = {isa = PBXFileReference; lastKnownFileType = file.storyboard; name = Base; path = Base.lproj/LaunchScreen.storyboard; sourceTree = "<group>"; };
		FA04049D2790272A00AB6A4E /* Info.plist */ = {isa = PBXFileReference; lastKnownFileType = text.plist.xml; path = Info.plist; sourceTree = "<group>"; };
		FA0404A22790272A00AB6A4E /* MVPTestTests.xctest */ = {isa = PBXFileReference; explicitFileType = wrapper.cfbundle; includeInIndex = 0; path = MVPTestTests.xctest; sourceTree = BUILT_PRODUCTS_DIR; };
		FA0404A62790272A00AB6A4E /* MVPTestTests.swift */ = {isa = PBXFileReference; lastKnownFileType = sourcecode.swift; path = MVPTestTests.swift; sourceTree = "<group>"; };
		FA0404AC2790272A00AB6A4E /* MVPTestUITests.xctest */ = {isa = PBXFileReference; explicitFileType = wrapper.cfbundle; includeInIndex = 0; path = MVPTestUITests.xctest; sourceTree = BUILT_PRODUCTS_DIR; };
		FA0404BF2790275700AB6A4E /* Comment.swift */ = {isa = PBXFileReference; lastKnownFileType = sourcecode.swift; path = Comment.swift; sourceTree = "<group>"; };
		FA0404C1279027C800AB6A4E /* MainPresenter.swift */ = {isa = PBXFileReference; lastKnownFileType = sourcecode.swift; path = MainPresenter.swift; sourceTree = "<group>"; };
		FA0404C72790308E00AB6A4E /* MainViewController.xib */ = {isa = PBXFileReference; lastKnownFileType = file.xib; path = MainViewController.xib; sourceTree = "<group>"; };
		FA0404C92790322E00AB6A4E /* AssemblyModuleBuilder.swift */ = {isa = PBXFileReference; lastKnownFileType = sourcecode.swift; path = AssemblyModuleBuilder.swift; sourceTree = "<group>"; };
		FA0404CD2790694A00AB6A4E /* MainPresenterTests.swift */ = {isa = PBXFileReference; lastKnownFileType = sourcecode.swift; path = MainPresenterTests.swift; sourceTree = "<group>"; };
		FA0404CF2790733D00AB6A4E /* NetworkService.swift */ = {isa = PBXFileReference; lastKnownFileType = sourcecode.swift; path = NetworkService.swift; sourceTree = "<group>"; };
		FA0404D227907CBD00AB6A4E /* DetailPresenter.swift */ = {isa = PBXFileReference; lastKnownFileType = sourcecode.swift; path = DetailPresenter.swift; sourceTree = "<group>"; };
		FA0404D727907FF300AB6A4E /* DetailViewController.swift */ = {isa = PBXFileReference; lastKnownFileType = sourcecode.swift; path = DetailViewController.swift; sourceTree = "<group>"; };
		FA0404D827907FF300AB6A4E /* DetailViewController.xib */ = {isa = PBXFileReference; lastKnownFileType = file.xib; path = DetailViewController.xib; sourceTree = "<group>"; };
		FA437F3A279451490018B693 /* Router.swift */ = {isa = PBXFileReference; lastKnownFileType = sourcecode.swift; path = Router.swift; sourceTree = "<group>"; };
		FA437F3C2797481B0018B693 /* RouterTest.swift */ = {isa = PBXFileReference; lastKnownFileType = sourcecode.swift; path = RouterTest.swift; sourceTree = "<group>"; };
		FA437F412798777E0018B693 /* AuthPresenter.swift */ = {isa = PBXFileReference; lastKnownFileType = sourcecode.swift; path = AuthPresenter.swift; sourceTree = "<group>"; };
		FA437F432798779F0018B693 /* AuthViewController.swift */ = {isa = PBXFileReference; lastKnownFileType = sourcecode.swift; path = AuthViewController.swift; sourceTree = "<group>"; };
		FA437F442798779F0018B693 /* AuthViewController.xib */ = {isa = PBXFileReference; lastKnownFileType = file.xib; path = AuthViewController.xib; sourceTree = "<group>"; };
		FA437F4C27987A040018B693 /* SignUpViewController.swift */ = {isa = PBXFileReference; lastKnownFileType = sourcecode.swift; path = SignUpViewController.swift; sourceTree = "<group>"; };
		FA437F4D27987A040018B693 /* SignUpViewController.xib */ = {isa = PBXFileReference; lastKnownFileType = file.xib; path = SignUpViewController.xib; sourceTree = "<group>"; };
		FA437F5027987A1C0018B693 /* SignUpPresenter.swift */ = {isa = PBXFileReference; lastKnownFileType = sourcecode.swift; path = SignUpPresenter.swift; sourceTree = "<group>"; };
		FA437F5327987A4C0018B693 /* UserInfoViewController.swift */ = {isa = PBXFileReference; lastKnownFileType = sourcecode.swift; path = UserInfoViewController.swift; sourceTree = "<group>"; };
		FA437F5427987A4C0018B693 /* UserInfoViewController.xib */ = {isa = PBXFileReference; lastKnownFileType = file.xib; path = UserInfoViewController.xib; sourceTree = "<group>"; };
		FA437F5827987A6A0018B693 /* UserInfoPresenter.swift */ = {isa = PBXFileReference; lastKnownFileType = sourcecode.swift; path = UserInfoPresenter.swift; sourceTree = "<group>"; };
		FA437F5B27987BAB0018B693 /* User.swift */ = {isa = PBXFileReference; lastKnownFileType = sourcecode.swift; path = User.swift; sourceTree = "<group>"; };
		FA437F5F27988C850018B693 /* UIStackView+Extension.swift */ = {isa = PBXFileReference; lastKnownFileType = sourcecode.swift; path = "UIStackView+Extension.swift"; sourceTree = "<group>"; };
		FA437F612799D5940018B693 /* String+Extension.swift */ = {isa = PBXFileReference; lastKnownFileType = sourcecode.swift; path = "String+Extension.swift"; sourceTree = "<group>"; };
/* End PBXFileReference section */

/* Begin PBXFrameworksBuildPhase section */
		FA0404892790272300AB6A4E /* Frameworks */ = {
			isa = PBXFrameworksBuildPhase;
			buildActionMask = 2147483647;
			files = (
			);
			runOnlyForDeploymentPostprocessing = 0;
		};
		FA04049F2790272A00AB6A4E /* Frameworks */ = {
			isa = PBXFrameworksBuildPhase;
			buildActionMask = 2147483647;
			files = (
			);
			runOnlyForDeploymentPostprocessing = 0;
		};
		FA0404A92790272A00AB6A4E /* Frameworks */ = {
			isa = PBXFrameworksBuildPhase;
			buildActionMask = 2147483647;
			files = (
			);
			runOnlyForDeploymentPostprocessing = 0;
		};
/* End PBXFrameworksBuildPhase section */

/* Begin PBXGroup section */
		FA0404832790272300AB6A4E = {
			isa = PBXGroup;
			children = (
				FA04048E2790272300AB6A4E /* MVPTest */,
				FA0404A52790272A00AB6A4E /* MVPTestTests */,
				FA04048D2790272300AB6A4E /* Products */,
			);
			sourceTree = "<group>";
		};
		FA04048D2790272300AB6A4E /* Products */ = {
			isa = PBXGroup;
			children = (
				FA04048C2790272300AB6A4E /* MVPTest.app */,
				FA0404A22790272A00AB6A4E /* MVPTestTests.xctest */,
				FA0404AC2790272A00AB6A4E /* MVPTestUITests.xctest */,
			);
			name = Products;
			sourceTree = "<group>";
		};
		FA04048E2790272300AB6A4E /* MVPTest */ = {
			isa = PBXGroup;
			children = (
				FA04048F2790272300AB6A4E /* AppDelegate.swift */,
				FA0404912790272300AB6A4E /* SceneDelegate.swift */,
				FA437F5A27987A8B0018B693 /* ModuleBuilder */,
				FA437F4B279879AA0018B693 /* Router */,
				FA0404D12790736900AB6A4E /* ServiceLayer */,
				FA0404C42790303500AB6A4E /* Models */,
				FA437F3E279877210018B693 /* AuthModule */,
				FA437F472798793E0018B693 /* SignUpModule */,
				FA0404C32790301A00AB6A4E /* MainModule */,
				FA0404D527907FB400AB6A4E /* DetailModule */,
				FA437F4A279879900018B693 /* UserInfoModule */,
				FA437F5D27988C3E0018B693 /* Extensions */,
				FA0404952790272300AB6A4E /* Main.storyboard */,
				FA0404982790272A00AB6A4E /* Assets.xcassets */,
				FA04049A2790272A00AB6A4E /* LaunchScreen.storyboard */,
				FA04049D2790272A00AB6A4E /* Info.plist */,
			);
			path = MVPTest;
			sourceTree = "<group>";
		};
		FA0404A52790272A00AB6A4E /* MVPTestTests */ = {
			isa = PBXGroup;
			children = (
				FA0404A62790272A00AB6A4E /* MVPTestTests.swift */,
				FA0404CD2790694A00AB6A4E /* MainPresenterTests.swift */,
				FA437F3C2797481B0018B693 /* RouterTest.swift */,
			);
			path = MVPTestTests;
			sourceTree = "<group>";
		};
		FA0404C32790301A00AB6A4E /* MainModule */ = {
			isa = PBXGroup;
			children = (
				FA0404C62790304B00AB6A4E /* View */,
				FA0404C52790304100AB6A4E /* Presenter */,
			);
			path = MainModule;
			sourceTree = "<group>";
		};
		FA0404C42790303500AB6A4E /* Models */ = {
			isa = PBXGroup;
			children = (
				FA0404BF2790275700AB6A4E /* Comment.swift */,
				FA437F5B27987BAB0018B693 /* User.swift */,
			);
			path = Models;
			sourceTree = "<group>";
		};
		FA0404C52790304100AB6A4E /* Presenter */ = {
			isa = PBXGroup;
			children = (
				FA0404C1279027C800AB6A4E /* MainPresenter.swift */,
			);
			path = Presenter;
			sourceTree = "<group>";
		};
		FA0404C62790304B00AB6A4E /* View */ = {
			isa = PBXGroup;
			children = (
				FA0404932790272300AB6A4E /* MainViewController.swift */,
				FA0404C72790308E00AB6A4E /* MainViewController.xib */,
			);
			path = View;
			sourceTree = "<group>";
		};
		FA0404D12790736900AB6A4E /* ServiceLayer */ = {
			isa = PBXGroup;
			children = (
				FA0404CF2790733D00AB6A4E /* NetworkService.swift */,
			);
			path = ServiceLayer;
			sourceTree = "<group>";
		};
		FA0404D427907F9400AB6A4E /* Presenter */ = {
			isa = PBXGroup;
			children = (
				FA0404D227907CBD00AB6A4E /* DetailPresenter.swift */,
			);
			path = Presenter;
			sourceTree = "<group>";
		};
		FA0404D527907FB400AB6A4E /* DetailModule */ = {
			isa = PBXGroup;
			children = (
				FA0404D627907FDE00AB6A4E /* View */,
				FA0404D427907F9400AB6A4E /* Presenter */,
			);
			path = DetailModule;
			sourceTree = "<group>";
		};
		FA0404D627907FDE00AB6A4E /* View */ = {
			isa = PBXGroup;
			children = (
				FA0404D727907FF300AB6A4E /* DetailViewController.swift */,
				FA0404D827907FF300AB6A4E /* DetailViewController.xib */,
			);
			path = View;
			sourceTree = "<group>";
		};
		FA437F3E279877210018B693 /* AuthModule */ = {
			isa = PBXGroup;
			children = (
				FA437F3F279877450018B693 /* View */,
				FA437F40279877540018B693 /* Presenter */,
			);
			path = AuthModule;
			sourceTree = "<group>";
		};
		FA437F3F279877450018B693 /* View */ = {
			isa = PBXGroup;
			children = (
				FA437F432798779F0018B693 /* AuthViewController.swift */,
				FA437F442798779F0018B693 /* AuthViewController.xib */,
			);
			path = View;
			sourceTree = "<group>";
		};
		FA437F40279877540018B693 /* Presenter */ = {
			isa = PBXGroup;
			children = (
				FA437F412798777E0018B693 /* AuthPresenter.swift */,
			);
			path = Presenter;
			sourceTree = "<group>";
		};
		FA437F472798793E0018B693 /* SignUpModule */ = {
			isa = PBXGroup;
			children = (
				FA437F482798795B0018B693 /* View */,
				FA437F49279879620018B693 /* Presenter */,
			);
			path = SignUpModule;
			sourceTree = "<group>";
		};
		FA437F482798795B0018B693 /* View */ = {
			isa = PBXGroup;
			children = (
				FA437F4C27987A040018B693 /* SignUpViewController.swift */,
				FA437F4D27987A040018B693 /* SignUpViewController.xib */,
			);
			path = View;
			sourceTree = "<group>";
		};
		FA437F49279879620018B693 /* Presenter */ = {
			isa = PBXGroup;
			children = (
				FA437F5027987A1C0018B693 /* SignUpPresenter.swift */,
			);
			path = Presenter;
			sourceTree = "<group>";
		};
		FA437F4A279879900018B693 /* UserInfoModule */ = {
			isa = PBXGroup;
			children = (
				FA437F5227987A310018B693 /* View */,
				FA437F5727987A520018B693 /* Presenter */,
			);
			path = UserInfoModule;
			sourceTree = "<group>";
		};
		FA437F4B279879AA0018B693 /* Router */ = {
			isa = PBXGroup;
			children = (
				FA437F3A279451490018B693 /* Router.swift */,
			);
			path = Router;
			sourceTree = "<group>";
		};
		FA437F5227987A310018B693 /* View */ = {
			isa = PBXGroup;
			children = (
				FA437F5327987A4C0018B693 /* UserInfoViewController.swift */,
				FA437F5427987A4C0018B693 /* UserInfoViewController.xib */,
			);
			path = View;
			sourceTree = "<group>";
		};
		FA437F5727987A520018B693 /* Presenter */ = {
			isa = PBXGroup;
			children = (
				FA437F5827987A6A0018B693 /* UserInfoPresenter.swift */,
			);
			path = Presenter;
			sourceTree = "<group>";
		};
		FA437F5A27987A8B0018B693 /* ModuleBuilder */ = {
			isa = PBXGroup;
			children = (
				FA0404C92790322E00AB6A4E /* AssemblyModuleBuilder.swift */,
			);
			path = ModuleBuilder;
			sourceTree = "<group>";
		};
		FA437F5D27988C3E0018B693 /* Extensions */ = {
			isa = PBXGroup;
			children = (
				FA437F5E27988C520018B693 /* UIKit */,
				FA437F612799D5940018B693 /* String+Extension.swift */,
			);
			path = Extensions;
			sourceTree = "<group>";
		};
		FA437F5E27988C520018B693 /* UIKit */ = {
			isa = PBXGroup;
			children = (
				FA437F5F27988C850018B693 /* UIStackView+Extension.swift */,
			);
			path = UIKit;
			sourceTree = "<group>";
		};
/* End PBXGroup section */

/* Begin PBXNativeTarget section */
		FA04048B2790272300AB6A4E /* MVPTest */ = {
			isa = PBXNativeTarget;
			buildConfigurationList = FA0404B62790272A00AB6A4E /* Build configuration list for PBXNativeTarget "MVPTest" */;
			buildPhases = (
				FA0404882790272300AB6A4E /* Sources */,
				FA0404892790272300AB6A4E /* Frameworks */,
				FA04048A2790272300AB6A4E /* Resources */,
			);
			buildRules = (
			);
			dependencies = (
			);
			name = MVPTest;
			productName = MVPTest;
			productReference = FA04048C2790272300AB6A4E /* MVPTest.app */;
			productType = "com.apple.product-type.application";
		};
		FA0404A12790272A00AB6A4E /* MVPTestTests */ = {
			isa = PBXNativeTarget;
			buildConfigurationList = FA0404B92790272A00AB6A4E /* Build configuration list for PBXNativeTarget "MVPTestTests" */;
			buildPhases = (
				FA04049E2790272A00AB6A4E /* Sources */,
				FA04049F2790272A00AB6A4E /* Frameworks */,
				FA0404A02790272A00AB6A4E /* Resources */,
			);
			buildRules = (
			);
			dependencies = (
				FA0404A42790272A00AB6A4E /* PBXTargetDependency */,
			);
			name = MVPTestTests;
			productName = MVPTestTests;
			productReference = FA0404A22790272A00AB6A4E /* MVPTestTests.xctest */;
			productType = "com.apple.product-type.bundle.unit-test";
		};
		FA0404AB2790272A00AB6A4E /* MVPTestUITests */ = {
			isa = PBXNativeTarget;
			buildConfigurationList = FA0404BC2790272A00AB6A4E /* Build configuration list for PBXNativeTarget "MVPTestUITests" */;
			buildPhases = (
				FA0404A82790272A00AB6A4E /* Sources */,
				FA0404A92790272A00AB6A4E /* Frameworks */,
				FA0404AA2790272A00AB6A4E /* Resources */,
			);
			buildRules = (
			);
			dependencies = (
				FA0404AE2790272A00AB6A4E /* PBXTargetDependency */,
			);
			name = MVPTestUITests;
			productName = MVPTestUITests;
			productReference = FA0404AC2790272A00AB6A4E /* MVPTestUITests.xctest */;
			productType = "com.apple.product-type.bundle.ui-testing";
		};
/* End PBXNativeTarget section */

/* Begin PBXProject section */
		FA0404842790272300AB6A4E /* Project object */ = {
			isa = PBXProject;
			attributes = {
				BuildIndependentTargetsInParallel = 1;
				LastSwiftUpdateCheck = 1300;
				LastUpgradeCheck = 1300;
				TargetAttributes = {
					FA04048B2790272300AB6A4E = {
						CreatedOnToolsVersion = 13.0;
					};
					FA0404A12790272A00AB6A4E = {
						CreatedOnToolsVersion = 13.0;
						TestTargetID = FA04048B2790272300AB6A4E;
					};
					FA0404AB2790272A00AB6A4E = {
						CreatedOnToolsVersion = 13.0;
						TestTargetID = FA04048B2790272300AB6A4E;
					};
				};
			};
			buildConfigurationList = FA0404872790272300AB6A4E /* Build configuration list for PBXProject "MVPTest" */;
			compatibilityVersion = "Xcode 13.0";
			developmentRegion = en;
			hasScannedForEncodings = 0;
			knownRegions = (
				en,
				Base,
			);
			mainGroup = FA0404832790272300AB6A4E;
			productRefGroup = FA04048D2790272300AB6A4E /* Products */;
			projectDirPath = "";
			projectRoot = "";
			targets = (
				FA04048B2790272300AB6A4E /* MVPTest */,
				FA0404A12790272A00AB6A4E /* MVPTestTests */,
				FA0404AB2790272A00AB6A4E /* MVPTestUITests */,
			);
		};
/* End PBXProject section */

/* Begin PBXResourcesBuildPhase section */
		FA04048A2790272300AB6A4E /* Resources */ = {
			isa = PBXResourcesBuildPhase;
			buildActionMask = 2147483647;
			files = (
				FA04049C2790272A00AB6A4E /* LaunchScreen.storyboard in Resources */,
				FA0404992790272A00AB6A4E /* Assets.xcassets in Resources */,
				FA437F4F27987A040018B693 /* SignUpViewController.xib in Resources */,
				FA437F462798779F0018B693 /* AuthViewController.xib in Resources */,
				FA0404DA27907FF300AB6A4E /* DetailViewController.xib in Resources */,
				FA437F5627987A4C0018B693 /* UserInfoViewController.xib in Resources */,
				FA0404972790272300AB6A4E /* Main.storyboard in Resources */,
				FA0404C82790308E00AB6A4E /* MainViewController.xib in Resources */,
			);
			runOnlyForDeploymentPostprocessing = 0;
		};
		FA0404A02790272A00AB6A4E /* Resources */ = {
			isa = PBXResourcesBuildPhase;
			buildActionMask = 2147483647;
			files = (
			);
			runOnlyForDeploymentPostprocessing = 0;
		};
		FA0404AA2790272A00AB6A4E /* Resources */ = {
			isa = PBXResourcesBuildPhase;
			buildActionMask = 2147483647;
			files = (
			);
			runOnlyForDeploymentPostprocessing = 0;
		};
/* End PBXResourcesBuildPhase section */

/* Begin PBXSourcesBuildPhase section */
		FA0404882790272300AB6A4E /* Sources */ = {
			isa = PBXSourcesBuildPhase;
			buildActionMask = 2147483647;
			files = (
				FA437F452798779F0018B693 /* AuthViewController.swift in Sources */,
				FA0404D927907FF300AB6A4E /* DetailViewController.swift in Sources */,
				FA0404C2279027C800AB6A4E /* MainPresenter.swift in Sources */,
				FA437F622799D5950018B693 /* String+Extension.swift in Sources */,
				FA437F3B279451490018B693 /* Router.swift in Sources */,
				FA437F5127987A1C0018B693 /* SignUpPresenter.swift in Sources */,
				FA437F5927987A6A0018B693 /* UserInfoPresenter.swift in Sources */,
				FA0404942790272300AB6A4E /* MainViewController.swift in Sources */,
				FA437F6027988C850018B693 /* UIStackView+Extension.swift in Sources */,
				FA437F5C27987BAB0018B693 /* User.swift in Sources */,
				FA437F422798777E0018B693 /* AuthPresenter.swift in Sources */,
				FA437F5527987A4C0018B693 /* UserInfoViewController.swift in Sources */,
				FA0404902790272300AB6A4E /* AppDelegate.swift in Sources */,
				FA0404D327907CBE00AB6A4E /* DetailPresenter.swift in Sources */,
				FA0404C02790275700AB6A4E /* Comment.swift in Sources */,
				FA0404922790272300AB6A4E /* SceneDelegate.swift in Sources */,
				FA0404CA2790322E00AB6A4E /* AssemblyModuleBuilder.swift in Sources */,
				FA437F4E27987A040018B693 /* SignUpViewController.swift in Sources */,
				FA0404D02790733D00AB6A4E /* NetworkService.swift in Sources */,
			);
			runOnlyForDeploymentPostprocessing = 0;
		};
		FA04049E2790272A00AB6A4E /* Sources */ = {
			isa = PBXSourcesBuildPhase;
			buildActionMask = 2147483647;
			files = (
				FA0404A72790272A00AB6A4E /* MVPTestTests.swift in Sources */,
				FA437F3D2797481B0018B693 /* RouterTest.swift in Sources */,
				FA0404CE2790694A00AB6A4E /* MainPresenterTests.swift in Sources */,
			);
			runOnlyForDeploymentPostprocessing = 0;
		};
		FA0404A82790272A00AB6A4E /* Sources */ = {
			isa = PBXSourcesBuildPhase;
			buildActionMask = 2147483647;
			files = (
			);
			runOnlyForDeploymentPostprocessing = 0;
		};
/* End PBXSourcesBuildPhase section */

/* Begin PBXTargetDependency section */
		FA0404A42790272A00AB6A4E /* PBXTargetDependency */ = {
			isa = PBXTargetDependency;
			target = FA04048B2790272300AB6A4E /* MVPTest */;
			targetProxy = FA0404A32790272A00AB6A4E /* PBXContainerItemProxy */;
		};
		FA0404AE2790272A00AB6A4E /* PBXTargetDependency */ = {
			isa = PBXTargetDependency;
			target = FA04048B2790272300AB6A4E /* MVPTest */;
			targetProxy = FA0404AD2790272A00AB6A4E /* PBXContainerItemProxy */;
		};
/* End PBXTargetDependency section */

/* Begin PBXVariantGroup section */
		FA0404952790272300AB6A4E /* Main.storyboard */ = {
			isa = PBXVariantGroup;
			children = (
				FA0404962790272300AB6A4E /* Base */,
			);
			name = Main.storyboard;
			sourceTree = "<group>";
		};
		FA04049A2790272A00AB6A4E /* LaunchScreen.storyboard */ = {
			isa = PBXVariantGroup;
			children = (
				FA04049B2790272A00AB6A4E /* Base */,
			);
			name = LaunchScreen.storyboard;
			sourceTree = "<group>";
		};
/* End PBXVariantGroup section */

/* Begin XCBuildConfiguration section */
		FA0404B42790272A00AB6A4E /* Debug */ = {
			isa = XCBuildConfiguration;
			buildSettings = {
				ALWAYS_SEARCH_USER_PATHS = NO;
				CLANG_ANALYZER_NONNULL = YES;
				CLANG_ANALYZER_NUMBER_OBJECT_CONVERSION = YES_AGGRESSIVE;
				CLANG_CXX_LANGUAGE_STANDARD = "gnu++17";
				CLANG_CXX_LIBRARY = "libc++";
				CLANG_ENABLE_MODULES = YES;
				CLANG_ENABLE_OBJC_ARC = YES;
				CLANG_ENABLE_OBJC_WEAK = YES;
				CLANG_WARN_BLOCK_CAPTURE_AUTORELEASING = YES;
				CLANG_WARN_BOOL_CONVERSION = YES;
				CLANG_WARN_COMMA = YES;
				CLANG_WARN_CONSTANT_CONVERSION = YES;
				CLANG_WARN_DEPRECATED_OBJC_IMPLEMENTATIONS = YES;
				CLANG_WARN_DIRECT_OBJC_ISA_USAGE = YES_ERROR;
				CLANG_WARN_DOCUMENTATION_COMMENTS = YES;
				CLANG_WARN_EMPTY_BODY = YES;
				CLANG_WARN_ENUM_CONVERSION = YES;
				CLANG_WARN_INFINITE_RECURSION = YES;
				CLANG_WARN_INT_CONVERSION = YES;
				CLANG_WARN_NON_LITERAL_NULL_CONVERSION = YES;
				CLANG_WARN_OBJC_IMPLICIT_RETAIN_SELF = YES;
				CLANG_WARN_OBJC_LITERAL_CONVERSION = YES;
				CLANG_WARN_OBJC_ROOT_CLASS = YES_ERROR;
				CLANG_WARN_QUOTED_INCLUDE_IN_FRAMEWORK_HEADER = YES;
				CLANG_WARN_RANGE_LOOP_ANALYSIS = YES;
				CLANG_WARN_STRICT_PROTOTYPES = YES;
				CLANG_WARN_SUSPICIOUS_MOVE = YES;
				CLANG_WARN_UNGUARDED_AVAILABILITY = YES_AGGRESSIVE;
				CLANG_WARN_UNREACHABLE_CODE = YES;
				CLANG_WARN__DUPLICATE_METHOD_MATCH = YES;
				COPY_PHASE_STRIP = NO;
				DEBUG_INFORMATION_FORMAT = dwarf;
				ENABLE_STRICT_OBJC_MSGSEND = YES;
				ENABLE_TESTABILITY = YES;
				GCC_C_LANGUAGE_STANDARD = gnu11;
				GCC_DYNAMIC_NO_PIC = NO;
				GCC_NO_COMMON_BLOCKS = YES;
				GCC_OPTIMIZATION_LEVEL = 0;
				GCC_PREPROCESSOR_DEFINITIONS = (
					"DEBUG=1",
					"$(inherited)",
				);
				GCC_WARN_64_TO_32_BIT_CONVERSION = YES;
				GCC_WARN_ABOUT_RETURN_TYPE = YES_ERROR;
				GCC_WARN_UNDECLARED_SELECTOR = YES;
				GCC_WARN_UNINITIALIZED_AUTOS = YES_AGGRESSIVE;
				GCC_WARN_UNUSED_FUNCTION = YES;
				GCC_WARN_UNUSED_VARIABLE = YES;
				IPHONEOS_DEPLOYMENT_TARGET = 15.0;
				MTL_ENABLE_DEBUG_INFO = INCLUDE_SOURCE;
				MTL_FAST_MATH = YES;
				ONLY_ACTIVE_ARCH = YES;
				SDKROOT = iphoneos;
				SWIFT_ACTIVE_COMPILATION_CONDITIONS = DEBUG;
				SWIFT_OPTIMIZATION_LEVEL = "-Onone";
			};
			name = Debug;
		};
		FA0404B52790272A00AB6A4E /* Release */ = {
			isa = XCBuildConfiguration;
			buildSettings = {
				ALWAYS_SEARCH_USER_PATHS = NO;
				CLANG_ANALYZER_NONNULL = YES;
				CLANG_ANALYZER_NUMBER_OBJECT_CONVERSION = YES_AGGRESSIVE;
				CLANG_CXX_LANGUAGE_STANDARD = "gnu++17";
				CLANG_CXX_LIBRARY = "libc++";
				CLANG_ENABLE_MODULES = YES;
				CLANG_ENABLE_OBJC_ARC = YES;
				CLANG_ENABLE_OBJC_WEAK = YES;
				CLANG_WARN_BLOCK_CAPTURE_AUTORELEASING = YES;
				CLANG_WARN_BOOL_CONVERSION = YES;
				CLANG_WARN_COMMA = YES;
				CLANG_WARN_CONSTANT_CONVERSION = YES;
				CLANG_WARN_DEPRECATED_OBJC_IMPLEMENTATIONS = YES;
				CLANG_WARN_DIRECT_OBJC_ISA_USAGE = YES_ERROR;
				CLANG_WARN_DOCUMENTATION_COMMENTS = YES;
				CLANG_WARN_EMPTY_BODY = YES;
				CLANG_WARN_ENUM_CONVERSION = YES;
				CLANG_WARN_INFINITE_RECURSION = YES;
				CLANG_WARN_INT_CONVERSION = YES;
				CLANG_WARN_NON_LITERAL_NULL_CONVERSION = YES;
				CLANG_WARN_OBJC_IMPLICIT_RETAIN_SELF = YES;
				CLANG_WARN_OBJC_LITERAL_CONVERSION = YES;
				CLANG_WARN_OBJC_ROOT_CLASS = YES_ERROR;
				CLANG_WARN_QUOTED_INCLUDE_IN_FRAMEWORK_HEADER = YES;
				CLANG_WARN_RANGE_LOOP_ANALYSIS = YES;
				CLANG_WARN_STRICT_PROTOTYPES = YES;
				CLANG_WARN_SUSPICIOUS_MOVE = YES;
				CLANG_WARN_UNGUARDED_AVAILABILITY = YES_AGGRESSIVE;
				CLANG_WARN_UNREACHABLE_CODE = YES;
				CLANG_WARN__DUPLICATE_METHOD_MATCH = YES;
				COPY_PHASE_STRIP = NO;
				DEBUG_INFORMATION_FORMAT = "dwarf-with-dsym";
				ENABLE_NS_ASSERTIONS = NO;
				ENABLE_STRICT_OBJC_MSGSEND = YES;
				GCC_C_LANGUAGE_STANDARD = gnu11;
				GCC_NO_COMMON_BLOCKS = YES;
				GCC_WARN_64_TO_32_BIT_CONVERSION = YES;
				GCC_WARN_ABOUT_RETURN_TYPE = YES_ERROR;
				GCC_WARN_UNDECLARED_SELECTOR = YES;
				GCC_WARN_UNINITIALIZED_AUTOS = YES_AGGRESSIVE;
				GCC_WARN_UNUSED_FUNCTION = YES;
				GCC_WARN_UNUSED_VARIABLE = YES;
				IPHONEOS_DEPLOYMENT_TARGET = 15.0;
				MTL_ENABLE_DEBUG_INFO = NO;
				MTL_FAST_MATH = YES;
				SDKROOT = iphoneos;
				SWIFT_COMPILATION_MODE = wholemodule;
				SWIFT_OPTIMIZATION_LEVEL = "-O";
				VALIDATE_PRODUCT = YES;
			};
			name = Release;
		};
		FA0404B72790272A00AB6A4E /* Debug */ = {
			isa = XCBuildConfiguration;
			buildSettings = {
				ASSETCATALOG_COMPILER_APPICON_NAME = AppIcon;
				ASSETCATALOG_COMPILER_GLOBAL_ACCENT_COLOR_NAME = AccentColor;
				CODE_SIGN_STYLE = Automatic;
				CURRENT_PROJECT_VERSION = 1;
				DEVELOPMENT_TEAM = H2N6P9225K;
				GENERATE_INFOPLIST_FILE = YES;
				INFOPLIST_FILE = MVPTest/Info.plist;
				INFOPLIST_KEY_UIApplicationSupportsIndirectInputEvents = YES;
				INFOPLIST_KEY_UILaunchStoryboardName = LaunchScreen;
				INFOPLIST_KEY_UIMainStoryboardFile = Main;
				INFOPLIST_KEY_UISupportedInterfaceOrientations_iPad = "UIInterfaceOrientationPortrait UIInterfaceOrientationPortraitUpsideDown UIInterfaceOrientationLandscapeLeft UIInterfaceOrientationLandscapeRight";
				INFOPLIST_KEY_UISupportedInterfaceOrientations_iPhone = "UIInterfaceOrientationPortrait UIInterfaceOrientationLandscapeLeft UIInterfaceOrientationLandscapeRight";
				LD_RUNPATH_SEARCH_PATHS = (
					"$(inherited)",
					"@executable_path/Frameworks",
				);
				MARKETING_VERSION = 1.0;
				PRODUCT_BUNDLE_IDENTIFIER = com.example.MVPTest;
				PRODUCT_NAME = "$(TARGET_NAME)";
				SWIFT_EMIT_LOC_STRINGS = YES;
				SWIFT_VERSION = 5.0;
				TARGETED_DEVICE_FAMILY = "1,2";
			};
			name = Debug;
		};
		FA0404B82790272A00AB6A4E /* Release */ = {
			isa = XCBuildConfiguration;
			buildSettings = {
				ASSETCATALOG_COMPILER_APPICON_NAME = AppIcon;
				ASSETCATALOG_COMPILER_GLOBAL_ACCENT_COLOR_NAME = AccentColor;
				CODE_SIGN_STYLE = Automatic;
				CURRENT_PROJECT_VERSION = 1;
				DEVELOPMENT_TEAM = H2N6P9225K;
				GENERATE_INFOPLIST_FILE = YES;
				INFOPLIST_FILE = MVPTest/Info.plist;
				INFOPLIST_KEY_UIApplicationSupportsIndirectInputEvents = YES;
				INFOPLIST_KEY_UILaunchStoryboardName = LaunchScreen;
				INFOPLIST_KEY_UIMainStoryboardFile = Main;
				INFOPLIST_KEY_UISupportedInterfaceOrientations_iPad = "UIInterfaceOrientationPortrait UIInterfaceOrientationPortraitUpsideDown UIInterfaceOrientationLandscapeLeft UIInterfaceOrientationLandscapeRight";
				INFOPLIST_KEY_UISupportedInterfaceOrientations_iPhone = "UIInterfaceOrientationPortrait UIInterfaceOrientationLandscapeLeft UIInterfaceOrientationLandscapeRight";
				LD_RUNPATH_SEARCH_PATHS = (
					"$(inherited)",
					"@executable_path/Frameworks",
				);
				MARKETING_VERSION = 1.0;
				PRODUCT_BUNDLE_IDENTIFIER = com.example.MVPTest;
				PRODUCT_NAME = "$(TARGET_NAME)";
				SWIFT_EMIT_LOC_STRINGS = YES;
				SWIFT_VERSION = 5.0;
				TARGETED_DEVICE_FAMILY = "1,2";
			};
			name = Release;
		};
		FA0404BA2790272A00AB6A4E /* Debug */ = {
			isa = XCBuildConfiguration;
			buildSettings = {
				ALWAYS_EMBED_SWIFT_STANDARD_LIBRARIES = YES;
				BUNDLE_LOADER = "$(TEST_HOST)";
				CODE_SIGN_STYLE = Automatic;
				CURRENT_PROJECT_VERSION = 1;
				DEVELOPMENT_TEAM = H2N6P9225K;
				GENERATE_INFOPLIST_FILE = YES;
				IPHONEOS_DEPLOYMENT_TARGET = 15.0;
				LD_RUNPATH_SEARCH_PATHS = (
					"$(inherited)",
					"@executable_path/Frameworks",
					"@loader_path/Frameworks",
				);
				MARKETING_VERSION = 1.0;
				PRODUCT_BUNDLE_IDENTIFIER = com.example.MVPTestTests;
				PRODUCT_NAME = "$(TARGET_NAME)";
				SWIFT_EMIT_LOC_STRINGS = NO;
				SWIFT_VERSION = 5.0;
				TARGETED_DEVICE_FAMILY = "1,2";
				TEST_HOST = "$(BUILT_PRODUCTS_DIR)/MVPTest.app/MVPTest";
			};
			name = Debug;
		};
		FA0404BB2790272A00AB6A4E /* Release */ = {
			isa = XCBuildConfiguration;
			buildSettings = {
				ALWAYS_EMBED_SWIFT_STANDARD_LIBRARIES = YES;
				BUNDLE_LOADER = "$(TEST_HOST)";
				CODE_SIGN_STYLE = Automatic;
				CURRENT_PROJECT_VERSION = 1;
				DEVELOPMENT_TEAM = H2N6P9225K;
				GENERATE_INFOPLIST_FILE = YES;
				IPHONEOS_DEPLOYMENT_TARGET = 15.0;
				LD_RUNPATH_SEARCH_PATHS = (
					"$(inherited)",
					"@executable_path/Frameworks",
					"@loader_path/Frameworks",
				);
				MARKETING_VERSION = 1.0;
				PRODUCT_BUNDLE_IDENTIFIER = com.example.MVPTestTests;
				PRODUCT_NAME = "$(TARGET_NAME)";
				SWIFT_EMIT_LOC_STRINGS = NO;
				SWIFT_VERSION = 5.0;
				TARGETED_DEVICE_FAMILY = "1,2";
				TEST_HOST = "$(BUILT_PRODUCTS_DIR)/MVPTest.app/MVPTest";
			};
			name = Release;
		};
		FA0404BD2790272A00AB6A4E /* Debug */ = {
			isa = XCBuildConfiguration;
			buildSettings = {
				ALWAYS_EMBED_SWIFT_STANDARD_LIBRARIES = YES;
				CODE_SIGN_STYLE = Automatic;
				CURRENT_PROJECT_VERSION = 1;
				DEVELOPMENT_TEAM = H2N6P9225K;
				GENERATE_INFOPLIST_FILE = YES;
				LD_RUNPATH_SEARCH_PATHS = (
					"$(inherited)",
					"@executable_path/Frameworks",
					"@loader_path/Frameworks",
				);
				MARKETING_VERSION = 1.0;
				PRODUCT_BUNDLE_IDENTIFIER = com.example.MVPTestUITests;
				PRODUCT_NAME = "$(TARGET_NAME)";
				SWIFT_EMIT_LOC_STRINGS = NO;
				SWIFT_VERSION = 5.0;
				TARGETED_DEVICE_FAMILY = "1,2";
				TEST_TARGET_NAME = MVPTest;
			};
			name = Debug;
		};
		FA0404BE2790272A00AB6A4E /* Release */ = {
			isa = XCBuildConfiguration;
			buildSettings = {
				ALWAYS_EMBED_SWIFT_STANDARD_LIBRARIES = YES;
				CODE_SIGN_STYLE = Automatic;
				CURRENT_PROJECT_VERSION = 1;
				DEVELOPMENT_TEAM = H2N6P9225K;
				GENERATE_INFOPLIST_FILE = YES;
				LD_RUNPATH_SEARCH_PATHS = (
					"$(inherited)",
					"@executable_path/Frameworks",
					"@loader_path/Frameworks",
				);
				MARKETING_VERSION = 1.0;
				PRODUCT_BUNDLE_IDENTIFIER = com.example.MVPTestUITests;
				PRODUCT_NAME = "$(TARGET_NAME)";
				SWIFT_EMIT_LOC_STRINGS = NO;
				SWIFT_VERSION = 5.0;
				TARGETED_DEVICE_FAMILY = "1,2";
				TEST_TARGET_NAME = MVPTest;
			};
			name = Release;
		};
/* End XCBuildConfiguration section */

/* Begin XCConfigurationList section */
		FA0404872790272300AB6A4E /* Build configuration list for PBXProject "MVPTest" */ = {
			isa = XCConfigurationList;
			buildConfigurations = (
				FA0404B42790272A00AB6A4E /* Debug */,
				FA0404B52790272A00AB6A4E /* Release */,
			);
			defaultConfigurationIsVisible = 0;
			defaultConfigurationName = Release;
		};
		FA0404B62790272A00AB6A4E /* Build configuration list for PBXNativeTarget "MVPTest" */ = {
			isa = XCConfigurationList;
			buildConfigurations = (
				FA0404B72790272A00AB6A4E /* Debug */,
				FA0404B82790272A00AB6A4E /* Release */,
			);
			defaultConfigurationIsVisible = 0;
			defaultConfigurationName = Release;
		};
		FA0404B92790272A00AB6A4E /* Build configuration list for PBXNativeTarget "MVPTestTests" */ = {
			isa = XCConfigurationList;
			buildConfigurations = (
				FA0404BA2790272A00AB6A4E /* Debug */,
				FA0404BB2790272A00AB6A4E /* Release */,
			);
			defaultConfigurationIsVisible = 0;
			defaultConfigurationName = Release;
		};
		FA0404BC2790272A00AB6A4E /* Build configuration list for PBXNativeTarget "MVPTestUITests" */ = {
			isa = XCConfigurationList;
			buildConfigurations = (
				FA0404BD2790272A00AB6A4E /* Debug */,
				FA0404BE2790272A00AB6A4E /* Release */,
			);
			defaultConfigurationIsVisible = 0;
			defaultConfigurationName = Release;
		};
/* End XCConfigurationList section */
	};
	rootObject = FA0404842790272300AB6A4E /* Project object */;
}
